// !$*UTF8*$!
{
	archiveVersion = 1;
	classes = {
	};
	objectVersion = 48;
	objects = {

/* Begin PBXBuildFile section */
		2FD4805EE76B331940983C2E /* Pods_FitDogUITests.framework in Frameworks */ = {isa = PBXBuildFile; fileRef = 0F65258EF02D5E74AD6CBD82 /* Pods_FitDogUITests.framework */; };
		434AE71D2072E97E00AA8F1F /* DayCell.swift in Sources */ = {isa = PBXBuildFile; fileRef = 434AE71C2072E97E00AA8F1F /* DayCell.swift */; };
		43F1992020699AD0004786B3 /* DogInfoViewController.swift in Sources */ = {isa = PBXBuildFile; fileRef = 43F1991F20699AD0004786B3 /* DogInfoViewController.swift */; };
		43F199222069A6E5004786B3 /* HomeViewController.swift in Sources */ = {isa = PBXBuildFile; fileRef = 43F199212069A6E5004786B3 /* HomeViewController.swift */; };
		43F199242069A89A004786B3 /* DogCell.swift in Sources */ = {isa = PBXBuildFile; fileRef = 43F199232069A89A004786B3 /* DogCell.swift */; };
		43F199642072DD40004786B3 /* DetailViewController.swift in Sources */ = {isa = PBXBuildFile; fileRef = 43F199632072DD40004786B3 /* DetailViewController.swift */; };
		43F2C0D420423D730006E5F4 /* AppDelegate.swift in Sources */ = {isa = PBXBuildFile; fileRef = 43F2C0D320423D730006E5F4 /* AppDelegate.swift */; };
		43F2C0D620423D730006E5F4 /* ViewController.swift in Sources */ = {isa = PBXBuildFile; fileRef = 43F2C0D520423D730006E5F4 /* ViewController.swift */; };
		43F2C0D920423D730006E5F4 /* Main.storyboard in Resources */ = {isa = PBXBuildFile; fileRef = 43F2C0D720423D730006E5F4 /* Main.storyboard */; };
		43F2C0DB20423D730006E5F4 /* Assets.xcassets in Resources */ = {isa = PBXBuildFile; fileRef = 43F2C0DA20423D730006E5F4 /* Assets.xcassets */; };
		43F2C0DE20423D730006E5F4 /* LaunchScreen.storyboard in Resources */ = {isa = PBXBuildFile; fileRef = 43F2C0DC20423D730006E5F4 /* LaunchScreen.storyboard */; };
		43F2C0E920423D730006E5F4 /* FitDogTests.swift in Sources */ = {isa = PBXBuildFile; fileRef = 43F2C0E820423D730006E5F4 /* FitDogTests.swift */; };
		43F2C0F420423D730006E5F4 /* FitDogUITests.swift in Sources */ = {isa = PBXBuildFile; fileRef = 43F2C0F320423D730006E5F4 /* FitDogUITests.swift */; };
		6EF8B1A32069AEA700EB833F /* SelectDogCell.swift in Sources */ = {isa = PBXBuildFile; fileRef = 6EF8B1A22069AEA700EB833F /* SelectDogCell.swift */; };
		6EF8B1A52069B0A800EB833F /* SelectDogViewController.swift in Sources */ = {isa = PBXBuildFile; fileRef = 6EF8B1A42069B0A800EB833F /* SelectDogViewController.swift */; };
		6EF8B1A72069BA7300EB833F /* CurrentWalkViewController.swift in Sources */ = {isa = PBXBuildFile; fileRef = 6EF8B1A62069BA7300EB833F /* CurrentWalkViewController.swift */; };
		B21CA7554FD547630072CA7F /* Pods_FitDog.framework in Frameworks */ = {isa = PBXBuildFile; fileRef = 57CA1AC809B525FF3206A019 /* Pods_FitDog.framework */; };
		D61B8A0687A3C3EA75F21F1A /* Pods_FitDogTests.framework in Frameworks */ = {isa = PBXBuildFile; fileRef = 0CB3A191222D9A3F4AEF4872 /* Pods_FitDogTests.framework */; };
/* End PBXBuildFile section */

/* Begin PBXContainerItemProxy section */
		43F2C0E520423D730006E5F4 /* PBXContainerItemProxy */ = {
			isa = PBXContainerItemProxy;
			containerPortal = 43F2C0C820423D730006E5F4 /* Project object */;
			proxyType = 1;
			remoteGlobalIDString = 43F2C0CF20423D730006E5F4;
			remoteInfo = FitDog;
		};
		43F2C0F020423D730006E5F4 /* PBXContainerItemProxy */ = {
			isa = PBXContainerItemProxy;
			containerPortal = 43F2C0C820423D730006E5F4 /* Project object */;
			proxyType = 1;
			remoteGlobalIDString = 43F2C0CF20423D730006E5F4;
			remoteInfo = FitDog;
		};
/* End PBXContainerItemProxy section */

/* Begin PBXFileReference section */
		0CB3A191222D9A3F4AEF4872 /* Pods_FitDogTests.framework */ = {isa = PBXFileReference; explicitFileType = wrapper.framework; includeInIndex = 0; path = Pods_FitDogTests.framework; sourceTree = BUILT_PRODUCTS_DIR; };
		0E4FFE26C42391FE262639D8 /* Pods-FitDogUITests.release.xcconfig */ = {isa = PBXFileReference; includeInIndex = 1; lastKnownFileType = text.xcconfig; name = "Pods-FitDogUITests.release.xcconfig"; path = "Pods/Target Support Files/Pods-FitDogUITests/Pods-FitDogUITests.release.xcconfig"; sourceTree = "<group>"; };
		0F65258EF02D5E74AD6CBD82 /* Pods_FitDogUITests.framework */ = {isa = PBXFileReference; explicitFileType = wrapper.framework; includeInIndex = 0; path = Pods_FitDogUITests.framework; sourceTree = BUILT_PRODUCTS_DIR; };
		1D9E0CB4CAEE395E412FEE58 /* Pods-FitDog.release.xcconfig */ = {isa = PBXFileReference; includeInIndex = 1; lastKnownFileType = text.xcconfig; name = "Pods-FitDog.release.xcconfig"; path = "Pods/Target Support Files/Pods-FitDog/Pods-FitDog.release.xcconfig"; sourceTree = "<group>"; };
		434AE71C2072E97E00AA8F1F /* DayCell.swift */ = {isa = PBXFileReference; lastKnownFileType = sourcecode.swift; path = DayCell.swift; sourceTree = "<group>"; };
		43F1991F20699AD0004786B3 /* DogInfoViewController.swift */ = {isa = PBXFileReference; lastKnownFileType = sourcecode.swift; path = DogInfoViewController.swift; sourceTree = "<group>"; };
		43F199212069A6E5004786B3 /* HomeViewController.swift */ = {isa = PBXFileReference; lastKnownFileType = sourcecode.swift; path = HomeViewController.swift; sourceTree = "<group>"; };
		43F199232069A89A004786B3 /* DogCell.swift */ = {isa = PBXFileReference; lastKnownFileType = sourcecode.swift; path = DogCell.swift; sourceTree = "<group>"; };
		43F199632072DD40004786B3 /* DetailViewController.swift */ = {isa = PBXFileReference; lastKnownFileType = sourcecode.swift; path = DetailViewController.swift; sourceTree = "<group>"; };
		43F2C0D020423D730006E5F4 /* FitDog.app */ = {isa = PBXFileReference; explicitFileType = wrapper.application; includeInIndex = 0; path = FitDog.app; sourceTree = BUILT_PRODUCTS_DIR; };
		43F2C0D320423D730006E5F4 /* AppDelegate.swift */ = {isa = PBXFileReference; lastKnownFileType = sourcecode.swift; path = AppDelegate.swift; sourceTree = "<group>"; };
		43F2C0D520423D730006E5F4 /* ViewController.swift */ = {isa = PBXFileReference; lastKnownFileType = sourcecode.swift; path = ViewController.swift; sourceTree = "<group>"; };
		43F2C0D820423D730006E5F4 /* Base */ = {isa = PBXFileReference; lastKnownFileType = file.storyboard; name = Base; path = Base.lproj/Main.storyboard; sourceTree = "<group>"; };
		43F2C0DA20423D730006E5F4 /* Assets.xcassets */ = {isa = PBXFileReference; lastKnownFileType = folder.assetcatalog; path = Assets.xcassets; sourceTree = "<group>"; };
		43F2C0DD20423D730006E5F4 /* Base */ = {isa = PBXFileReference; lastKnownFileType = file.storyboard; name = Base; path = Base.lproj/LaunchScreen.storyboard; sourceTree = "<group>"; };
		43F2C0DF20423D730006E5F4 /* Info.plist */ = {isa = PBXFileReference; lastKnownFileType = text.plist.xml; path = Info.plist; sourceTree = "<group>"; };
		43F2C0E420423D730006E5F4 /* FitDogTests.xctest */ = {isa = PBXFileReference; explicitFileType = wrapper.cfbundle; includeInIndex = 0; path = FitDogTests.xctest; sourceTree = BUILT_PRODUCTS_DIR; };
		43F2C0E820423D730006E5F4 /* FitDogTests.swift */ = {isa = PBXFileReference; lastKnownFileType = sourcecode.swift; path = FitDogTests.swift; sourceTree = "<group>"; };
		43F2C0EA20423D730006E5F4 /* Info.plist */ = {isa = PBXFileReference; lastKnownFileType = text.plist.xml; path = Info.plist; sourceTree = "<group>"; };
		43F2C0EF20423D730006E5F4 /* FitDogUITests.xctest */ = {isa = PBXFileReference; explicitFileType = wrapper.cfbundle; includeInIndex = 0; path = FitDogUITests.xctest; sourceTree = BUILT_PRODUCTS_DIR; };
		43F2C0F320423D730006E5F4 /* FitDogUITests.swift */ = {isa = PBXFileReference; lastKnownFileType = sourcecode.swift; path = FitDogUITests.swift; sourceTree = "<group>"; };
		43F2C0F520423D730006E5F4 /* Info.plist */ = {isa = PBXFileReference; lastKnownFileType = text.plist.xml; path = Info.plist; sourceTree = "<group>"; };
		57CA1AC809B525FF3206A019 /* Pods_FitDog.framework */ = {isa = PBXFileReference; explicitFileType = wrapper.framework; includeInIndex = 0; path = Pods_FitDog.framework; sourceTree = BUILT_PRODUCTS_DIR; };
		58B884FDC2E8BDD9159F22B5 /* Pods-FitDogTests.release.xcconfig */ = {isa = PBXFileReference; includeInIndex = 1; lastKnownFileType = text.xcconfig; name = "Pods-FitDogTests.release.xcconfig"; path = "Pods/Target Support Files/Pods-FitDogTests/Pods-FitDogTests.release.xcconfig"; sourceTree = "<group>"; };
		6EF8B1A22069AEA700EB833F /* SelectDogCell.swift */ = {isa = PBXFileReference; lastKnownFileType = sourcecode.swift; path = SelectDogCell.swift; sourceTree = "<group>"; };
		6EF8B1A42069B0A800EB833F /* SelectDogViewController.swift */ = {isa = PBXFileReference; lastKnownFileType = sourcecode.swift; path = SelectDogViewController.swift; sourceTree = "<group>"; };
		6EF8B1A62069BA7300EB833F /* CurrentWalkViewController.swift */ = {isa = PBXFileReference; lastKnownFileType = sourcecode.swift; path = CurrentWalkViewController.swift; sourceTree = "<group>"; };
		A32F4735502A10B75C347FAD /* Pods-FitDog.debug.xcconfig */ = {isa = PBXFileReference; includeInIndex = 1; lastKnownFileType = text.xcconfig; name = "Pods-FitDog.debug.xcconfig"; path = "Pods/Target Support Files/Pods-FitDog/Pods-FitDog.debug.xcconfig"; sourceTree = "<group>"; };
		BCCAB04E11158F4022ACA88A /* Pods-FitDogTests.debug.xcconfig */ = {isa = PBXFileReference; includeInIndex = 1; lastKnownFileType = text.xcconfig; name = "Pods-FitDogTests.debug.xcconfig"; path = "Pods/Target Support Files/Pods-FitDogTests/Pods-FitDogTests.debug.xcconfig"; sourceTree = "<group>"; };
		E55B724DB56D396B2F558050 /* Pods-FitDogUITests.debug.xcconfig */ = {isa = PBXFileReference; includeInIndex = 1; lastKnownFileType = text.xcconfig; name = "Pods-FitDogUITests.debug.xcconfig"; path = "Pods/Target Support Files/Pods-FitDogUITests/Pods-FitDogUITests.debug.xcconfig"; sourceTree = "<group>"; };
/* End PBXFileReference section */

/* Begin PBXFrameworksBuildPhase section */
		43F2C0CD20423D730006E5F4 /* Frameworks */ = {
			isa = PBXFrameworksBuildPhase;
			buildActionMask = 2147483647;
			files = (
				B21CA7554FD547630072CA7F /* Pods_FitDog.framework in Frameworks */,
			);
			runOnlyForDeploymentPostprocessing = 0;
		};
		43F2C0E120423D730006E5F4 /* Frameworks */ = {
			isa = PBXFrameworksBuildPhase;
			buildActionMask = 2147483647;
			files = (
				D61B8A0687A3C3EA75F21F1A /* Pods_FitDogTests.framework in Frameworks */,
			);
			runOnlyForDeploymentPostprocessing = 0;
		};
		43F2C0EC20423D730006E5F4 /* Frameworks */ = {
			isa = PBXFrameworksBuildPhase;
			buildActionMask = 2147483647;
			files = (
				2FD4805EE76B331940983C2E /* Pods_FitDogUITests.framework in Frameworks */,
			);
			runOnlyForDeploymentPostprocessing = 0;
		};
/* End PBXFrameworksBuildPhase section */

/* Begin PBXGroup section */
		3820D1DD77E7EA954DCB92B0 /* Frameworks */ = {
			isa = PBXGroup;
			children = (
				57CA1AC809B525FF3206A019 /* Pods_FitDog.framework */,
				0CB3A191222D9A3F4AEF4872 /* Pods_FitDogTests.framework */,
				0F65258EF02D5E74AD6CBD82 /* Pods_FitDogUITests.framework */,
			);
			name = Frameworks;
			sourceTree = "<group>";
		};
		43F198A020573983004786B3 /* Models */ = {
			isa = PBXGroup;
			children = (
			);
			path = Models;
			sourceTree = "<group>";
		};
		43F198A12057398E004786B3 /* Views */ = {
			isa = PBXGroup;
			children = (
				43F199232069A89A004786B3 /* DogCell.swift */,
				6EF8B1A22069AEA700EB833F /* SelectDogCell.swift */,
				434AE71C2072E97E00AA8F1F /* DayCell.swift */,
			);
			path = Views;
			sourceTree = "<group>";
		};
		43F198A220573996004786B3 /* ViewControllers */ = {
			isa = PBXGroup;
			children = (
				43F1991F20699AD0004786B3 /* DogInfoViewController.swift */,
				43F199212069A6E5004786B3 /* HomeViewController.swift */,
				6EF8B1A42069B0A800EB833F /* SelectDogViewController.swift */,
				6EF8B1A62069BA7300EB833F /* CurrentWalkViewController.swift */,
				43F199632072DD40004786B3 /* DetailViewController.swift */,
			);
			path = ViewControllers;
			sourceTree = "<group>";
		};
		43F2C0C720423D730006E5F4 = {
			isa = PBXGroup;
			children = (
				43F198A220573996004786B3 /* ViewControllers */,
				43F198A12057398E004786B3 /* Views */,
				43F198A020573983004786B3 /* Models */,
				43F2C0D220423D730006E5F4 /* FitDog */,
				43F2C0E720423D730006E5F4 /* FitDogTests */,
				43F2C0F220423D730006E5F4 /* FitDogUITests */,
				43F2C0D120423D730006E5F4 /* Products */,
				5EF5E414BA591263AED548F4 /* Pods */,
				3820D1DD77E7EA954DCB92B0 /* Frameworks */,
			);
			sourceTree = "<group>";
		};
		43F2C0D120423D730006E5F4 /* Products */ = {
			isa = PBXGroup;
			children = (
				43F2C0D020423D730006E5F4 /* FitDog.app */,
				43F2C0E420423D730006E5F4 /* FitDogTests.xctest */,
				43F2C0EF20423D730006E5F4 /* FitDogUITests.xctest */,
			);
			name = Products;
			sourceTree = "<group>";
		};
		43F2C0D220423D730006E5F4 /* FitDog */ = {
			isa = PBXGroup;
			children = (
				43F2C0D320423D730006E5F4 /* AppDelegate.swift */,
				43F2C0D520423D730006E5F4 /* ViewController.swift */,
				43F2C0D720423D730006E5F4 /* Main.storyboard */,
				43F2C0DA20423D730006E5F4 /* Assets.xcassets */,
				43F2C0DC20423D730006E5F4 /* LaunchScreen.storyboard */,
				43F2C0DF20423D730006E5F4 /* Info.plist */,
			);
			path = FitDog;
			sourceTree = "<group>";
		};
		43F2C0E720423D730006E5F4 /* FitDogTests */ = {
			isa = PBXGroup;
			children = (
				43F2C0E820423D730006E5F4 /* FitDogTests.swift */,
				43F2C0EA20423D730006E5F4 /* Info.plist */,
			);
			path = FitDogTests;
			sourceTree = "<group>";
		};
		43F2C0F220423D730006E5F4 /* FitDogUITests */ = {
			isa = PBXGroup;
			children = (
				43F2C0F320423D730006E5F4 /* FitDogUITests.swift */,
				43F2C0F520423D730006E5F4 /* Info.plist */,
			);
			path = FitDogUITests;
			sourceTree = "<group>";
		};
		5EF5E414BA591263AED548F4 /* Pods */ = {
			isa = PBXGroup;
			children = (
				A32F4735502A10B75C347FAD /* Pods-FitDog.debug.xcconfig */,
				1D9E0CB4CAEE395E412FEE58 /* Pods-FitDog.release.xcconfig */,
				BCCAB04E11158F4022ACA88A /* Pods-FitDogTests.debug.xcconfig */,
				58B884FDC2E8BDD9159F22B5 /* Pods-FitDogTests.release.xcconfig */,
				E55B724DB56D396B2F558050 /* Pods-FitDogUITests.debug.xcconfig */,
				0E4FFE26C42391FE262639D8 /* Pods-FitDogUITests.release.xcconfig */,
			);
			name = Pods;
			sourceTree = "<group>";
		};
/* End PBXGroup section */

/* Begin PBXNativeTarget section */
		43F2C0CF20423D730006E5F4 /* FitDog */ = {
			isa = PBXNativeTarget;
			buildConfigurationList = 43F2C0F820423D730006E5F4 /* Build configuration list for PBXNativeTarget "FitDog" */;
			buildPhases = (
				1D40B1193D25B9F94DF851DC /* [CP] Check Pods Manifest.lock */,
				43F2C0CC20423D730006E5F4 /* Sources */,
				43F2C0CD20423D730006E5F4 /* Frameworks */,
				43F2C0CE20423D730006E5F4 /* Resources */,
				02C7C4C3013C4D0236C6FF8A /* [CP] Embed Pods Frameworks */,
				59BF3F117A5B7EE790F6945D /* [CP] Copy Pods Resources */,
			);
			buildRules = (
			);
			dependencies = (
			);
			name = FitDog;
			productName = FitDog;
			productReference = 43F2C0D020423D730006E5F4 /* FitDog.app */;
			productType = "com.apple.product-type.application";
		};
		43F2C0E320423D730006E5F4 /* FitDogTests */ = {
			isa = PBXNativeTarget;
			buildConfigurationList = 43F2C0FB20423D730006E5F4 /* Build configuration list for PBXNativeTarget "FitDogTests" */;
			buildPhases = (
				3148B7DB80C862E2CC581104 /* [CP] Check Pods Manifest.lock */,
				43F2C0E020423D730006E5F4 /* Sources */,
				43F2C0E120423D730006E5F4 /* Frameworks */,
				43F2C0E220423D730006E5F4 /* Resources */,
				5795715F5AFAC8394106A1B4 /* [CP] Embed Pods Frameworks */,
				D29EDCAD70451BDB33F0C6B9 /* [CP] Copy Pods Resources */,
			);
			buildRules = (
			);
			dependencies = (
				43F2C0E620423D730006E5F4 /* PBXTargetDependency */,
			);
			name = FitDogTests;
			productName = FitDogTests;
			productReference = 43F2C0E420423D730006E5F4 /* FitDogTests.xctest */;
			productType = "com.apple.product-type.bundle.unit-test";
		};
		43F2C0EE20423D730006E5F4 /* FitDogUITests */ = {
			isa = PBXNativeTarget;
			buildConfigurationList = 43F2C0FE20423D730006E5F4 /* Build configuration list for PBXNativeTarget "FitDogUITests" */;
			buildPhases = (
				2E88827A3A831FBD92A7B28C /* [CP] Check Pods Manifest.lock */,
				43F2C0EB20423D730006E5F4 /* Sources */,
				43F2C0EC20423D730006E5F4 /* Frameworks */,
				43F2C0ED20423D730006E5F4 /* Resources */,
				60D9634F264B765E2F323A31 /* [CP] Embed Pods Frameworks */,
				2EB386D268E8DE4BED0D6D96 /* [CP] Copy Pods Resources */,
			);
			buildRules = (
			);
			dependencies = (
				43F2C0F120423D730006E5F4 /* PBXTargetDependency */,
			);
			name = FitDogUITests;
			productName = FitDogUITests;
			productReference = 43F2C0EF20423D730006E5F4 /* FitDogUITests.xctest */;
			productType = "com.apple.product-type.bundle.ui-testing";
		};
/* End PBXNativeTarget section */

/* Begin PBXProject section */
		43F2C0C820423D730006E5F4 /* Project object */ = {
			isa = PBXProject;
			attributes = {
				LastSwiftUpdateCheck = 0920;
				LastUpgradeCheck = 0920;
				ORGANIZATIONNAME = "Kristine Laranjo";
				TargetAttributes = {
					43F2C0CF20423D730006E5F4 = {
						CreatedOnToolsVersion = 9.2;
						ProvisioningStyle = Automatic;
					};
					43F2C0E320423D730006E5F4 = {
						CreatedOnToolsVersion = 9.2;
						ProvisioningStyle = Automatic;
						TestTargetID = 43F2C0CF20423D730006E5F4;
					};
					43F2C0EE20423D730006E5F4 = {
						CreatedOnToolsVersion = 9.2;
						ProvisioningStyle = Automatic;
						TestTargetID = 43F2C0CF20423D730006E5F4;
					};
				};
			};
			buildConfigurationList = 43F2C0CB20423D730006E5F4 /* Build configuration list for PBXProject "FitDog" */;
			compatibilityVersion = "Xcode 8.0";
			developmentRegion = en;
			hasScannedForEncodings = 0;
			knownRegions = (
				en,
				Base,
			);
			mainGroup = 43F2C0C720423D730006E5F4;
			productRefGroup = 43F2C0D120423D730006E5F4 /* Products */;
			projectDirPath = "";
			projectRoot = "";
			targets = (
				43F2C0CF20423D730006E5F4 /* FitDog */,
				43F2C0E320423D730006E5F4 /* FitDogTests */,
				43F2C0EE20423D730006E5F4 /* FitDogUITests */,
			);
		};
/* End PBXProject section */

/* Begin PBXResourcesBuildPhase section */
		43F2C0CE20423D730006E5F4 /* Resources */ = {
			isa = PBXResourcesBuildPhase;
			buildActionMask = 2147483647;
			files = (
				43F2C0DE20423D730006E5F4 /* LaunchScreen.storyboard in Resources */,
				43F2C0DB20423D730006E5F4 /* Assets.xcassets in Resources */,
				43F2C0D920423D730006E5F4 /* Main.storyboard in Resources */,
			);
			runOnlyForDeploymentPostprocessing = 0;
		};
		43F2C0E220423D730006E5F4 /* Resources */ = {
			isa = PBXResourcesBuildPhase;
			buildActionMask = 2147483647;
			files = (
			);
			runOnlyForDeploymentPostprocessing = 0;
		};
		43F2C0ED20423D730006E5F4 /* Resources */ = {
			isa = PBXResourcesBuildPhase;
			buildActionMask = 2147483647;
			files = (
			);
			runOnlyForDeploymentPostprocessing = 0;
		};
/* End PBXResourcesBuildPhase section */

/* Begin PBXShellScriptBuildPhase section */
		02C7C4C3013C4D0236C6FF8A /* [CP] Embed Pods Frameworks */ = {
			isa = PBXShellScriptBuildPhase;
			buildActionMask = 2147483647;
			files = (
			);
			inputPaths = (
				"${SRCROOT}/Pods/Target Support Files/Pods-FitDog/Pods-FitDog-frameworks.sh",
				"${BUILT_PRODUCTS_DIR}/Bolts/Bolts.framework",
				"${BUILT_PRODUCTS_DIR}/Parse/Parse.framework",
			);
			name = "[CP] Embed Pods Frameworks";
			outputPaths = (
				"${TARGET_BUILD_DIR}/${FRAMEWORKS_FOLDER_PATH}/Bolts.framework",
				"${TARGET_BUILD_DIR}/${FRAMEWORKS_FOLDER_PATH}/Parse.framework",
			);
			runOnlyForDeploymentPostprocessing = 0;
			shellPath = /bin/sh;
			shellScript = "\"${SRCROOT}/Pods/Target Support Files/Pods-FitDog/Pods-FitDog-frameworks.sh\"\n";
			showEnvVarsInLog = 0;
		};
		1D40B1193D25B9F94DF851DC /* [CP] Check Pods Manifest.lock */ = {
			isa = PBXShellScriptBuildPhase;
			buildActionMask = 2147483647;
			files = (
			);
			inputPaths = (
				"${PODS_PODFILE_DIR_PATH}/Podfile.lock",
				"${PODS_ROOT}/Manifest.lock",
			);
			name = "[CP] Check Pods Manifest.lock";
			outputPaths = (
				"$(DERIVED_FILE_DIR)/Pods-FitDog-checkManifestLockResult.txt",
			);
			runOnlyForDeploymentPostprocessing = 0;
			shellPath = /bin/sh;
			shellScript = "diff \"${PODS_PODFILE_DIR_PATH}/Podfile.lock\" \"${PODS_ROOT}/Manifest.lock\" > /dev/null\nif [ $? != 0 ] ; then\n    # print error to STDERR\n    echo \"error: The sandbox is not in sync with the Podfile.lock. Run 'pod install' or update your CocoaPods installation.\" >&2\n    exit 1\nfi\n# This output is used by Xcode 'outputs' to avoid re-running this script phase.\necho \"SUCCESS\" > \"${SCRIPT_OUTPUT_FILE_0}\"\n";
			showEnvVarsInLog = 0;
		};
		2E88827A3A831FBD92A7B28C /* [CP] Check Pods Manifest.lock */ = {
			isa = PBXShellScriptBuildPhase;
			buildActionMask = 2147483647;
			files = (
			);
			inputPaths = (
				"${PODS_PODFILE_DIR_PATH}/Podfile.lock",
				"${PODS_ROOT}/Manifest.lock",
			);
			name = "[CP] Check Pods Manifest.lock";
			outputPaths = (
				"$(DERIVED_FILE_DIR)/Pods-FitDogUITests-checkManifestLockResult.txt",
			);
			runOnlyForDeploymentPostprocessing = 0;
			shellPath = /bin/sh;
			shellScript = "diff \"${PODS_PODFILE_DIR_PATH}/Podfile.lock\" \"${PODS_ROOT}/Manifest.lock\" > /dev/null\nif [ $? != 0 ] ; then\n    # print error to STDERR\n    echo \"error: The sandbox is not in sync with the Podfile.lock. Run 'pod install' or update your CocoaPods installation.\" >&2\n    exit 1\nfi\n# This output is used by Xcode 'outputs' to avoid re-running this script phase.\necho \"SUCCESS\" > \"${SCRIPT_OUTPUT_FILE_0}\"\n";
			showEnvVarsInLog = 0;
		};
		2EB386D268E8DE4BED0D6D96 /* [CP] Copy Pods Resources */ = {
			isa = PBXShellScriptBuildPhase;
			buildActionMask = 2147483647;
			files = (
			);
			inputPaths = (
			);
			name = "[CP] Copy Pods Resources";
			outputPaths = (
			);
			runOnlyForDeploymentPostprocessing = 0;
			shellPath = /bin/sh;
			shellScript = "\"${SRCROOT}/Pods/Target Support Files/Pods-FitDogUITests/Pods-FitDogUITests-resources.sh\"\n";
			showEnvVarsInLog = 0;
		};
		3148B7DB80C862E2CC581104 /* [CP] Check Pods Manifest.lock */ = {
			isa = PBXShellScriptBuildPhase;
			buildActionMask = 2147483647;
			files = (
			);
			inputPaths = (
				"${PODS_PODFILE_DIR_PATH}/Podfile.lock",
				"${PODS_ROOT}/Manifest.lock",
			);
			name = "[CP] Check Pods Manifest.lock";
			outputPaths = (
				"$(DERIVED_FILE_DIR)/Pods-FitDogTests-checkManifestLockResult.txt",
			);
			runOnlyForDeploymentPostprocessing = 0;
			shellPath = /bin/sh;
			shellScript = "diff \"${PODS_PODFILE_DIR_PATH}/Podfile.lock\" \"${PODS_ROOT}/Manifest.lock\" > /dev/null\nif [ $? != 0 ] ; then\n    # print error to STDERR\n    echo \"error: The sandbox is not in sync with the Podfile.lock. Run 'pod install' or update your CocoaPods installation.\" >&2\n    exit 1\nfi\n# This output is used by Xcode 'outputs' to avoid re-running this script phase.\necho \"SUCCESS\" > \"${SCRIPT_OUTPUT_FILE_0}\"\n";
			showEnvVarsInLog = 0;
		};
		5795715F5AFAC8394106A1B4 /* [CP] Embed Pods Frameworks */ = {
			isa = PBXShellScriptBuildPhase;
			buildActionMask = 2147483647;
			files = (
			);
			inputPaths = (
			);
			name = "[CP] Embed Pods Frameworks";
			outputPaths = (
			);
			runOnlyForDeploymentPostprocessing = 0;
			shellPath = /bin/sh;
			shellScript = "\"${SRCROOT}/Pods/Target Support Files/Pods-FitDogTests/Pods-FitDogTests-frameworks.sh\"\n";
			showEnvVarsInLog = 0;
		};
		59BF3F117A5B7EE790F6945D /* [CP] Copy Pods Resources */ = {
			isa = PBXShellScriptBuildPhase;
			buildActionMask = 2147483647;
			files = (
			);
			inputPaths = (
			);
			name = "[CP] Copy Pods Resources";
			outputPaths = (
			);
			runOnlyForDeploymentPostprocessing = 0;
			shellPath = /bin/sh;
			shellScript = "\"${SRCROOT}/Pods/Target Support Files/Pods-FitDog/Pods-FitDog-resources.sh\"\n";
			showEnvVarsInLog = 0;
		};
		60D9634F264B765E2F323A31 /* [CP] Embed Pods Frameworks */ = {
			isa = PBXShellScriptBuildPhase;
			buildActionMask = 2147483647;
			files = (
			);
			inputPaths = (
			);
			name = "[CP] Embed Pods Frameworks";
			outputPaths = (
			);
			runOnlyForDeploymentPostprocessing = 0;
			shellPath = /bin/sh;
			shellScript = "\"${SRCROOT}/Pods/Target Support Files/Pods-FitDogUITests/Pods-FitDogUITests-frameworks.sh\"\n";
			showEnvVarsInLog = 0;
		};
		D29EDCAD70451BDB33F0C6B9 /* [CP] Copy Pods Resources */ = {
			isa = PBXShellScriptBuildPhase;
			buildActionMask = 2147483647;
			files = (
			);
			inputPaths = (
			);
			name = "[CP] Copy Pods Resources";
			outputPaths = (
			);
			runOnlyForDeploymentPostprocessing = 0;
			shellPath = /bin/sh;
			shellScript = "\"${SRCROOT}/Pods/Target Support Files/Pods-FitDogTests/Pods-FitDogTests-resources.sh\"\n";
			showEnvVarsInLog = 0;
		};
/* End PBXShellScriptBuildPhase section */

/* Begin PBXSourcesBuildPhase section */
		43F2C0CC20423D730006E5F4 /* Sources */ = {
			isa = PBXSourcesBuildPhase;
			buildActionMask = 2147483647;
			files = (
				43F199642072DD40004786B3 /* DetailViewController.swift in Sources */,
				6EF8B1A52069B0A800EB833F /* SelectDogViewController.swift in Sources */,
				434AE71D2072E97E00AA8F1F /* DayCell.swift in Sources */,
				6EF8B1A32069AEA700EB833F /* SelectDogCell.swift in Sources */,
				43F2C0D620423D730006E5F4 /* ViewController.swift in Sources */,
				6EF8B1A72069BA7300EB833F /* CurrentWalkViewController.swift in Sources */,
				43F2C0D420423D730006E5F4 /* AppDelegate.swift in Sources */,
				43F199242069A89A004786B3 /* DogCell.swift in Sources */,
				43F1992020699AD0004786B3 /* DogInfoViewController.swift in Sources */,
				43F199222069A6E5004786B3 /* HomeViewController.swift in Sources */,
			);
			runOnlyForDeploymentPostprocessing = 0;
		};
		43F2C0E020423D730006E5F4 /* Sources */ = {
			isa = PBXSourcesBuildPhase;
			buildActionMask = 2147483647;
			files = (
				43F2C0E920423D730006E5F4 /* FitDogTests.swift in Sources */,
			);
			runOnlyForDeploymentPostprocessing = 0;
		};
		43F2C0EB20423D730006E5F4 /* Sources */ = {
			isa = PBXSourcesBuildPhase;
			buildActionMask = 2147483647;
			files = (
				43F2C0F420423D730006E5F4 /* FitDogUITests.swift in Sources */,
			);
			runOnlyForDeploymentPostprocessing = 0;
		};
/* End PBXSourcesBuildPhase section */

/* Begin PBXTargetDependency section */
		43F2C0E620423D730006E5F4 /* PBXTargetDependency */ = {
			isa = PBXTargetDependency;
			target = 43F2C0CF20423D730006E5F4 /* FitDog */;
			targetProxy = 43F2C0E520423D730006E5F4 /* PBXContainerItemProxy */;
		};
		43F2C0F120423D730006E5F4 /* PBXTargetDependency */ = {
			isa = PBXTargetDependency;
			target = 43F2C0CF20423D730006E5F4 /* FitDog */;
			targetProxy = 43F2C0F020423D730006E5F4 /* PBXContainerItemProxy */;
		};
/* End PBXTargetDependency section */

/* Begin PBXVariantGroup section */
		43F2C0D720423D730006E5F4 /* Main.storyboard */ = {
			isa = PBXVariantGroup;
			children = (
				43F2C0D820423D730006E5F4 /* Base */,
			);
			name = Main.storyboard;
			sourceTree = "<group>";
		};
		43F2C0DC20423D730006E5F4 /* LaunchScreen.storyboard */ = {
			isa = PBXVariantGroup;
			children = (
				43F2C0DD20423D730006E5F4 /* Base */,
			);
			name = LaunchScreen.storyboard;
			sourceTree = "<group>";
		};
/* End PBXVariantGroup section */

/* Begin XCBuildConfiguration section */
		43F2C0F620423D730006E5F4 /* Debug */ = {
			isa = XCBuildConfiguration;
			buildSettings = {
				ALWAYS_SEARCH_USER_PATHS = NO;
				CLANG_ANALYZER_NONNULL = YES;
				CLANG_ANALYZER_NUMBER_OBJECT_CONVERSION = YES_AGGRESSIVE;
				CLANG_CXX_LANGUAGE_STANDARD = "gnu++14";
				CLANG_CXX_LIBRARY = "libc++";
				CLANG_ENABLE_MODULES = YES;
				CLANG_ENABLE_OBJC_ARC = YES;
				CLANG_WARN_BLOCK_CAPTURE_AUTORELEASING = YES;
				CLANG_WARN_BOOL_CONVERSION = YES;
				CLANG_WARN_COMMA = YES;
				CLANG_WARN_CONSTANT_CONVERSION = YES;
				CLANG_WARN_DIRECT_OBJC_ISA_USAGE = YES_ERROR;
				CLANG_WARN_DOCUMENTATION_COMMENTS = YES;
				CLANG_WARN_EMPTY_BODY = YES;
				CLANG_WARN_ENUM_CONVERSION = YES;
				CLANG_WARN_INFINITE_RECURSION = YES;
				CLANG_WARN_INT_CONVERSION = YES;
				CLANG_WARN_NON_LITERAL_NULL_CONVERSION = YES;
				CLANG_WARN_OBJC_LITERAL_CONVERSION = YES;
				CLANG_WARN_OBJC_ROOT_CLASS = YES_ERROR;
				CLANG_WARN_RANGE_LOOP_ANALYSIS = YES;
				CLANG_WARN_STRICT_PROTOTYPES = YES;
				CLANG_WARN_SUSPICIOUS_MOVE = YES;
				CLANG_WARN_UNGUARDED_AVAILABILITY = YES_AGGRESSIVE;
				CLANG_WARN_UNREACHABLE_CODE = YES;
				CLANG_WARN__DUPLICATE_METHOD_MATCH = YES;
				CODE_SIGN_IDENTITY = "iPhone Developer";
				COPY_PHASE_STRIP = NO;
				DEBUG_INFORMATION_FORMAT = dwarf;
				ENABLE_STRICT_OBJC_MSGSEND = YES;
				ENABLE_TESTABILITY = YES;
				GCC_C_LANGUAGE_STANDARD = gnu11;
				GCC_DYNAMIC_NO_PIC = NO;
				GCC_NO_COMMON_BLOCKS = YES;
				GCC_OPTIMIZATION_LEVEL = 0;
				GCC_PREPROCESSOR_DEFINITIONS = (
					"DEBUG=1",
					"$(inherited)",
				);
				GCC_WARN_64_TO_32_BIT_CONVERSION = YES;
				GCC_WARN_ABOUT_RETURN_TYPE = YES_ERROR;
				GCC_WARN_UNDECLARED_SELECTOR = YES;
				GCC_WARN_UNINITIALIZED_AUTOS = YES_AGGRESSIVE;
				GCC_WARN_UNUSED_FUNCTION = YES;
				GCC_WARN_UNUSED_VARIABLE = YES;
				IPHONEOS_DEPLOYMENT_TARGET = 11.2;
				MTL_ENABLE_DEBUG_INFO = YES;
				ONLY_ACTIVE_ARCH = YES;
				SDKROOT = iphoneos;
				SWIFT_ACTIVE_COMPILATION_CONDITIONS = DEBUG;
				SWIFT_OPTIMIZATION_LEVEL = "-Onone";
			};
			name = Debug;
		};
		43F2C0F720423D730006E5F4 /* Release */ = {
			isa = XCBuildConfiguration;
			buildSettings = {
				ALWAYS_SEARCH_USER_PATHS = NO;
				CLANG_ANALYZER_NONNULL = YES;
				CLANG_ANALYZER_NUMBER_OBJECT_CONVERSION = YES_AGGRESSIVE;
				CLANG_CXX_LANGUAGE_STANDARD = "gnu++14";
				CLANG_CXX_LIBRARY = "libc++";
				CLANG_ENABLE_MODULES = YES;
				CLANG_ENABLE_OBJC_ARC = YES;
				CLANG_WARN_BLOCK_CAPTURE_AUTORELEASING = YES;
				CLANG_WARN_BOOL_CONVERSION = YES;
				CLANG_WARN_COMMA = YES;
				CLANG_WARN_CONSTANT_CONVERSION = YES;
				CLANG_WARN_DIRECT_OBJC_ISA_USAGE = YES_ERROR;
				CLANG_WARN_DOCUMENTATION_COMMENTS = YES;
				CLANG_WARN_EMPTY_BODY = YES;
				CLANG_WARN_ENUM_CONVERSION = YES;
				CLANG_WARN_INFINITE_RECURSION = YES;
				CLANG_WARN_INT_CONVERSION = YES;
				CLANG_WARN_NON_LITERAL_NULL_CONVERSION = YES;
				CLANG_WARN_OBJC_LITERAL_CONVERSION = YES;
				CLANG_WARN_OBJC_ROOT_CLASS = YES_ERROR;
				CLANG_WARN_RANGE_LOOP_ANALYSIS = YES;
				CLANG_WARN_STRICT_PROTOTYPES = YES;
				CLANG_WARN_SUSPICIOUS_MOVE = YES;
				CLANG_WARN_UNGUARDED_AVAILABILITY = YES_AGGRESSIVE;
				CLANG_WARN_UNREACHABLE_CODE = YES;
				CLANG_WARN__DUPLICATE_METHOD_MATCH = YES;
				CODE_SIGN_IDENTITY = "iPhone Developer";
				COPY_PHASE_STRIP = NO;
				DEBUG_INFORMATION_FORMAT = "dwarf-with-dsym";
				ENABLE_NS_ASSERTIONS = NO;
				ENABLE_STRICT_OBJC_MSGSEND = YES;
				GCC_C_LANGUAGE_STANDARD = gnu11;
				GCC_NO_COMMON_BLOCKS = YES;
				GCC_WARN_64_TO_32_BIT_CONVERSION = YES;
				GCC_WARN_ABOUT_RETURN_TYPE = YES_ERROR;
				GCC_WARN_UNDECLARED_SELECTOR = YES;
				GCC_WARN_UNINITIALIZED_AUTOS = YES_AGGRESSIVE;
				GCC_WARN_UNUSED_FUNCTION = YES;
				GCC_WARN_UNUSED_VARIABLE = YES;
				IPHONEOS_DEPLOYMENT_TARGET = 11.2;
				MTL_ENABLE_DEBUG_INFO = NO;
				SDKROOT = iphoneos;
				SWIFT_OPTIMIZATION_LEVEL = "-Owholemodule";
				VALIDATE_PRODUCT = YES;
			};
			name = Release;
		};
		43F2C0F920423D730006E5F4 /* Debug */ = {
			isa = XCBuildConfiguration;
			baseConfigurationReference = A32F4735502A10B75C347FAD /* Pods-FitDog.debug.xcconfig */;
			buildSettings = {
				ASSETCATALOG_COMPILER_APPICON_NAME = AppIcon;
				CODE_SIGN_STYLE = Automatic;
				INFOPLIST_FILE = FitDog/Info.plist;
				LD_RUNPATH_SEARCH_PATHS = "$(inherited) @executable_path/Frameworks";
				PRODUCT_BUNDLE_IDENTIFIER = edu.csumb.klaranjo.FitDog;
				PRODUCT_NAME = "$(TARGET_NAME)";
				SWIFT_VERSION = 4.0;
				TARGETED_DEVICE_FAMILY = "1,2";
			};
			name = Debug;
		};
		43F2C0FA20423D730006E5F4 /* Release */ = {
			isa = XCBuildConfiguration;
			baseConfigurationReference = 1D9E0CB4CAEE395E412FEE58 /* Pods-FitDog.release.xcconfig */;
			buildSettings = {
				ASSETCATALOG_COMPILER_APPICON_NAME = AppIcon;
				CODE_SIGN_STYLE = Automatic;
				INFOPLIST_FILE = FitDog/Info.plist;
				LD_RUNPATH_SEARCH_PATHS = "$(inherited) @executable_path/Frameworks";
				PRODUCT_BUNDLE_IDENTIFIER = edu.csumb.klaranjo.FitDog;
				PRODUCT_NAME = "$(TARGET_NAME)";
				SWIFT_VERSION = 4.0;
				TARGETED_DEVICE_FAMILY = "1,2";
			};
			name = Release;
		};
		43F2C0FC20423D730006E5F4 /* Debug */ = {
			isa = XCBuildConfiguration;
			baseConfigurationReference = BCCAB04E11158F4022ACA88A /* Pods-FitDogTests.debug.xcconfig */;
			buildSettings = {
				ALWAYS_EMBED_SWIFT_STANDARD_LIBRARIES = YES;
				BUNDLE_LOADER = "$(TEST_HOST)";
				CODE_SIGN_STYLE = Automatic;
				INFOPLIST_FILE = FitDogTests/Info.plist;
				LD_RUNPATH_SEARCH_PATHS = "$(inherited) @executable_path/Frameworks @loader_path/Frameworks";
				PRODUCT_BUNDLE_IDENTIFIER = edu.csumb.klaranjo.FitDogTests;
				PRODUCT_NAME = "$(TARGET_NAME)";
				SWIFT_VERSION = 4.0;
				TARGETED_DEVICE_FAMILY = "1,2";
				TEST_HOST = "$(BUILT_PRODUCTS_DIR)/FitDog.app/FitDog";
			};
			name = Debug;
		};
		43F2C0FD20423D730006E5F4 /* Release */ = {
			isa = XCBuildConfiguration;
			baseConfigurationReference = 58B884FDC2E8BDD9159F22B5 /* Pods-FitDogTests.release.xcconfig */;
			buildSettings = {
				ALWAYS_EMBED_SWIFT_STANDARD_LIBRARIES = YES;
				BUNDLE_LOADER = "$(TEST_HOST)";
				CODE_SIGN_STYLE = Automatic;
				INFOPLIST_FILE = FitDogTests/Info.plist;
				LD_RUNPATH_SEARCH_PATHS = "$(inherited) @executable_path/Frameworks @loader_path/Frameworks";
				PRODUCT_BUNDLE_IDENTIFIER = edu.csumb.klaranjo.FitDogTests;
				PRODUCT_NAME = "$(TARGET_NAME)";
				SWIFT_VERSION = 4.0;
				TARGETED_DEVICE_FAMILY = "1,2";
				TEST_HOST = "$(BUILT_PRODUCTS_DIR)/FitDog.app/FitDog";
			};
			name = Release;
		};
		43F2C0FF20423D730006E5F4 /* Debug */ = {
			isa = XCBuildConfiguration;
			baseConfigurationReference = E55B724DB56D396B2F558050 /* Pods-FitDogUITests.debug.xcconfig */;
			buildSettings = {
				ALWAYS_EMBED_SWIFT_STANDARD_LIBRARIES = YES;
				CODE_SIGN_STYLE = Automatic;
				INFOPLIST_FILE = FitDogUITests/Info.plist;
				LD_RUNPATH_SEARCH_PATHS = "$(inherited) @executable_path/Frameworks @loader_path/Frameworks";
				PRODUCT_BUNDLE_IDENTIFIER = edu.csumb.klaranjo.FitDogUITests;
				PRODUCT_NAME = "$(TARGET_NAME)";
				SWIFT_VERSION = 4.0;
				TARGETED_DEVICE_FAMILY = "1,2";
				TEST_TARGET_NAME = FitDog;
			};
			name = Debug;
		};
		43F2C10020423D730006E5F4 /* Release */ = {
			isa = XCBuildConfiguration;
			baseConfigurationReference = 0E4FFE26C42391FE262639D8 /* Pods-FitDogUITests.release.xcconfig */;
			buildSettings = {
				ALWAYS_EMBED_SWIFT_STANDARD_LIBRARIES = YES;
				CODE_SIGN_STYLE = Automatic;
				INFOPLIST_FILE = FitDogUITests/Info.plist;
				LD_RUNPATH_SEARCH_PATHS = "$(inherited) @executable_path/Frameworks @loader_path/Frameworks";
				PRODUCT_BUNDLE_IDENTIFIER = edu.csumb.klaranjo.FitDogUITests;
				PRODUCT_NAME = "$(TARGET_NAME)";
				SWIFT_VERSION = 4.0;
				TARGETED_DEVICE_FAMILY = "1,2";
				TEST_TARGET_NAME = FitDog;
			};
			name = Release;
		};
/* End XCBuildConfiguration section */

/* Begin XCConfigurationList section */
		43F2C0CB20423D730006E5F4 /* Build configuration list for PBXProject "FitDog" */ = {
			isa = XCConfigurationList;
			buildConfigurations = (
				43F2C0F620423D730006E5F4 /* Debug */,
				43F2C0F720423D730006E5F4 /* Release */,
			);
			defaultConfigurationIsVisible = 0;
			defaultConfigurationName = Release;
		};
		43F2C0F820423D730006E5F4 /* Build configuration list for PBXNativeTarget "FitDog" */ = {
			isa = XCConfigurationList;
			buildConfigurations = (
				43F2C0F920423D730006E5F4 /* Debug */,
				43F2C0FA20423D730006E5F4 /* Release */,
			);
			defaultConfigurationIsVisible = 0;
			defaultConfigurationName = Release;
		};
		43F2C0FB20423D730006E5F4 /* Build configuration list for PBXNativeTarget "FitDogTests" */ = {
			isa = XCConfigurationList;
			buildConfigurations = (
				43F2C0FC20423D730006E5F4 /* Debug */,
				43F2C0FD20423D730006E5F4 /* Release */,
			);
			defaultConfigurationIsVisible = 0;
			defaultConfigurationName = Release;
		};
		43F2C0FE20423D730006E5F4 /* Build configuration list for PBXNativeTarget "FitDogUITests" */ = {
			isa = XCConfigurationList;
			buildConfigurations = (
				43F2C0FF20423D730006E5F4 /* Debug */,
				43F2C10020423D730006E5F4 /* Release */,
			);
			defaultConfigurationIsVisible = 0;
			defaultConfigurationName = Release;
		};
/* End XCConfigurationList section */
	};
	rootObject = 43F2C0C820423D730006E5F4 /* Project object */;
}
